{
  "name": "Projet-Capi",
  "lockfileVersion": 3,
  "requires": true,
  "packages": {
    "": {
      "devDependencies": {
        "jsdoc": "github:jsdoc/jsdoc"
      }
    },
    "node_modules/jsdoc": {
      "resolved": "git+ssh://git@github.com/jsdoc/jsdoc.git#183910bb39d9cf252bc3a4421d144682301cffa5",
      "dev": true,
      "license": "Apache-2.0",
      "workspaces": [
        "packages/jsdoc",
        "packages/jsdoc-ast",
        "packages/jsdoc-cli",
        "packages/jsdoc-core",
        "packages/jsdoc-doclet",
        "packages/jsdoc-eslint-config",
        "packages/jsdoc-parse",
        "packages/jsdoc-plugins",
        "packages/jsdoc-prettier-config",
        "packages/jsdoc-salty",
        "packages/jsdoc-tag",
        "packages/jsdoc-task-runner",
        "packages/jsdoc-template-legacy",
        "packages/jsdoc-test-matchers",
        "packages/jsdoc-util"
      ],
      "engines": {
        "node": ">=v18.12.0"
      }
    }
  }
}
